
Microsoft Visual Studio Solution File, Format Version 12.00
# Visual Studio Version 17
VisualStudioVersion = 17.9.34701.34
MinimumVisualStudioVersion = 10.0.40219.1
Project("{F184B08F-C81C-45F6-A57F-5ABD9991F28F}") = "VendingMachine_LessonHomework_20240325", "VendingMachine_LessonHomework_20240325\VendingMachine_LessonHomework_20240325.vbproj", "{42AECFD8-C7BF-4B19-BB10-E2695B29EF9D}"
EndProject
Global
	GlobalSection(SolutionConfigurationPlatforms) = preSolution
		Debug|Any CPU = Debug|Any CPU
		Release|Any CPU = Release|Any CPU
	EndGlobalSection
	GlobalSection(ProjectConfigurationPlatforms) = postSolution
		{42AECFD8-C7BF-4B19-BB10-E2695B29EF9D}.Debug|Any CPU.ActiveCfg = Debug|Any CPU
		{42AECFD8-C7BF-4B19-BB10-E2695B29EF9D}.Debug|Any CPU.Build.0 = Debug|Any CPU
		{42AECFD8-C7BF-4B19-BB10-E2695B29EF9D}.Release|Any CPU.ActiveCfg = Release|Any CPU
		{42AECFD8-C7BF-4B19-BB10-E2695B29EF9D}.Release|Any CPU.Build.0 = Release|Any CPU
	EndGlobalSection
	GlobalSection(SolutionProperties) = preSolution
		HideSolutionNode = FALSE
	EndGlobalSection
	GlobalSection(ExtensibilityGlobals) = postSolution
		SolutionGuid = {ECC7BE35-BFCA-4438-A144-217E68B58AA3}
	EndGlobalSection
EndGlobal
